
Microsoft Visual Studio Solution File, Format Version 12.00
# Visual Studio 14
VisualStudioVersion = 14.0.24720.0
MinimumVisualStudioVersion = 10.0.40219.1
Project("{FAE04EC0-301F-11D3-BF4B-00C04F79EFBC}") = "Magical Management System", "Magical Management System\Magical Management System.csproj", "{F812A185-7775-455A-8F63-D9ADC922E710}"
EndProject
Global
	GlobalSection(SolutionConfigurationPlatforms) = preSolution
		CD_ROM|Mixed Platforms = CD_ROM|Mixed Platforms
		CD_ROM|x86 = CD_ROM|x86
		Debug|Mixed Platforms = Debug|Mixed Platforms
		Debug|x86 = Debug|x86
		DVD-5|Mixed Platforms = DVD-5|Mixed Platforms
		DVD-5|x86 = DVD-5|x86
		Release|Mixed Platforms = Release|Mixed Platforms
		Release|x86 = Release|x86
		SingleImage|Mixed Platforms = SingleImage|Mixed Platforms
		SingleImage|x86 = SingleImage|x86
	EndGlobalSection
	GlobalSection(ProjectConfigurationPlatforms) = postSolution
		{F812A185-7775-455A-8F63-D9ADC922E710}.CD_ROM|Mixed Platforms.ActiveCfg = Release|Any CPU
		{F812A185-7775-455A-8F63-D9ADC922E710}.CD_ROM|Mixed Platforms.Build.0 = Release|Any CPU
		{F812A185-7775-455A-8F63-D9ADC922E710}.CD_ROM|x86.ActiveCfg = Release|Any CPU
		{F812A185-7775-455A-8F63-D9ADC922E710}.Debug|Mixed Platforms.ActiveCfg = Debug|Any CPU
		{F812A185-7775-455A-8F63-D9ADC922E710}.Debug|Mixed Platforms.Build.0 = Debug|Any CPU
		{F812A185-7775-455A-8F63-D9ADC922E710}.Debug|x86.ActiveCfg = Debug|Any CPU
		{F812A185-7775-455A-8F63-D9ADC922E710}.DVD-5|Mixed Platforms.ActiveCfg = Debug|Any CPU
		{F812A185-7775-455A-8F63-D9ADC922E710}.DVD-5|Mixed Platforms.Build.0 = Debug|Any CPU
		{F812A185-7775-455A-8F63-D9ADC922E710}.DVD-5|x86.ActiveCfg = Debug|Any CPU
		{F812A185-7775-455A-8F63-D9ADC922E710}.Release|Mixed Platforms.ActiveCfg = Release|Any CPU
		{F812A185-7775-455A-8F63-D9ADC922E710}.Release|Mixed Platforms.Build.0 = Release|Any CPU
		{F812A185-7775-455A-8F63-D9ADC922E710}.Release|x86.ActiveCfg = Release|Any CPU
		{F812A185-7775-455A-8F63-D9ADC922E710}.SingleImage|Mixed Platforms.ActiveCfg = Release|Any CPU
		{F812A185-7775-455A-8F63-D9ADC922E710}.SingleImage|Mixed Platforms.Build.0 = Release|Any CPU
		{F812A185-7775-455A-8F63-D9ADC922E710}.SingleImage|x86.ActiveCfg = Release|Any CPU
	EndGlobalSection
	GlobalSection(SolutionProperties) = preSolution
		HideSolutionNode = FALSE
	EndGlobalSection
EndGlobal
